{
  "name": "thothix-scripts",
  "version": "0.0.1",
  "lockfileVersion": 3,
  "requires": true,
  "packages": {
    "": {
      "name": "thothix-scripts",
      "version": "0.0.1",
      "devDependencies": {
        "zx": "^8.1.4"
      },
      "engines": {
        "node": ">=16.0.0"
      }
    },
    "node_modules/zx": {
      "version": "8.5.5",
      "resolved": "https://registry.npmjs.org/zx/-/zx-8.5.5.tgz",
      "integrity": "sha512-kzkjV3uqyEthw1IBDbA7Co2djji77vCP1DRvt58aYSMwiX4nyvAkFE8OBSEsOUbDJAst0Yo4asNvMTGG5HGPXA==",
      "dev": true,
      "license": "Apache-2.0",
      "bin": {
        "zx": "build/cli.js"
      },
      "engines": {
        "node": ">= 12.17.0"
      }
    }
  }
}
